
Microsoft Visual Studio Solution File, Format Version 12.00
# Visual Studio 15
VisualStudioVersion = 15.0.28307.1758
MinimumVisualStudioVersion = 10.0.40219.1
Project("{FAE04EC0-301F-11D3-BF4B-00C04F79EFBC}") = "seachFiles", "seachFiles\seachFiles.csproj", "{BBF11523-8D15-4597-88F8-21C7D34DC807}"
EndProject
Global
	GlobalSection(SolutionConfigurationPlatforms) = preSolution
		Debug|Any CPU = Debug|Any CPU
		Release|Any CPU = Release|Any CPU
	EndGlobalSection
	GlobalSection(ProjectConfigurationPlatforms) = postSolution
		{BBF11523-8D15-4597-88F8-21C7D34DC807}.Debug|Any CPU.ActiveCfg = Debug|Any CPU
		{BBF11523-8D15-4597-88F8-21C7D34DC807}.Debug|Any CPU.Build.0 = Debug|Any CPU
		{BBF11523-8D15-4597-88F8-21C7D34DC807}.Release|Any CPU.ActiveCfg = Release|Any CPU
		{BBF11523-8D15-4597-88F8-21C7D34DC807}.Release|Any CPU.Build.0 = Release|Any CPU
	EndGlobalSection
	GlobalSection(SolutionProperties) = preSolution
		HideSolutionNode = FALSE
	EndGlobalSection
	GlobalSection(ExtensibilityGlobals) = postSolution
		SolutionGuid = {99A041D2-DD1B-449C-ABFA-DB22CF0353C3}
	EndGlobalSection
EndGlobal
